{
  "version": 4,
  "terraform_version": "1.13.3",
  "serial": 93,
  "lineage": "fcfb1a55-430d-b2b7-53d8-154e7b452d60",
  "outputs": {
    "github_role_arn": {
      "value": "arn:aws:iam::704496393752:role/GitHubECRPushRole",
      "type": "string"
    },
    "terraform_access_key_id": {
      "value": "AKIA2IB2B3YMBB63LPN3",
      "type": "string",
      "sensitive": true
    },
    "terraform_secret_access_key": {
      "value": "E7XWX10HbY3Tvp5jlY65jO6QqnL60YrKwAf/e2v+",
      "type": "string",
      "sensitive": true
    },
    "wamserver_ecr_arn": {
      "value": "arn:aws:ecr:eu-west-3:704496393752:repository/wamserver",
      "type": "string"
    }
  },
  "resources": [
    {
      "mode": "data",
      "type": "aws_iam_policy_document",
      "name": "ecr_access",
      "provider": "provider[\"registry.terraform.io/hashicorp/aws\"]",
      "instances": [
        {
          "schema_version": 0,
          "attributes": {
            "id": "459877178",
            "json": "{\n  \"Version\": \"2012-10-17\",\n  \"Statement\": [\n    {\n      \"Effect\": \"Allow\",\n      \"Action\": [\n        \"ecr:UploadLayerPart\",\n        \"ecr:PutImage\",\n        \"ecr:InitiateLayerUpload\",\n        \"ecr:GetDownloadUrlForLayer\",\n        \"ecr:GetAuthorizationToken\",\n        \"ecr:CompleteLayerUpload\",\n        \"ecr:BatchGetImage\",\n        \"ecr:BatchCheckLayerAvailability\"\n      ],\n      \"Resource\": \"*\"\n    }\n  ]\n}",
            "minified_json": "{\"Version\":\"2012-10-17\",\"Statement\":[{\"Effect\":\"Allow\",\"Action\":[\"ecr:UploadLayerPart\",\"ecr:PutImage\",\"ecr:InitiateLayerUpload\",\"ecr:GetDownloadUrlForLayer\",\"ecr:GetAuthorizationToken\",\"ecr:CompleteLayerUpload\",\"ecr:BatchGetImage\",\"ecr:BatchCheckLayerAvailability\"],\"Resource\":\"*\"}]}",
            "override_json": null,
            "override_policy_documents": null,
            "policy_id": null,
            "source_json": null,
            "source_policy_documents": null,
            "statement": [
              {
                "actions": [
                  "ecr:BatchCheckLayerAvailability",
                  "ecr:BatchGetImage",
                  "ecr:CompleteLayerUpload",
                  "ecr:GetAuthorizationToken",
                  "ecr:GetDownloadUrlForLayer",
                  "ecr:InitiateLayerUpload",
                  "ecr:PutImage",
                  "ecr:UploadLayerPart"
                ],
                "condition": [],
                "effect": "Allow",
                "not_actions": [],
                "not_principals": [],
                "not_resources": [],
                "principals": [],
                "resources": [
                  "*"
                ],
                "sid": ""
              }
            ],
            "version": "2012-10-17"
          },
          "sensitive_attributes": [],
          "identity_schema_version": 0
        }
      ]
    },
    {
      "mode": "data",
      "type": "aws_iam_policy_document",
      "name": "github_assume_role",
      "provider": "provider[\"registry.terraform.io/hashicorp/aws\"]",
      "instances": [
        {
          "schema_version": 0,
          "attributes": {
            "id": "2666498802",
            "json": "{\n  \"Version\": \"2012-10-17\",\n  \"Statement\": [\n    {\n      \"Effect\": \"Allow\",\n      \"Action\": \"sts:AssumeRoleWithWebIdentity\",\n      \"Principal\": {\n        \"Federated\": \"arn:aws:iam::704496393752:oidc-provider/token.actions.githubusercontent.com\"\n      },\n      \"Condition\": {\n        \"StringEquals\": {\n          \"token.actions.githubusercontent.com:aud\": \"sts.amazonaws.com\"\n        },\n        \"StringLike\": {\n          \"token.actions.githubusercontent.com:sub\": [\n            \"https://github.com/yarichard/wamserver:ref:refs/heads/*\",\n            \"https://github.com/yarichard/wamserver:ref:refs/tags/*\",\n            \"https://github.com/yarichard/wamserver:pull_request\",\n            \"https://github.com/yarichard/wam_message_gatling:ref:refs/heads/*\",\n            \"https://github.com/yarichard/wam_message_gatling:ref:refs/tags/*\",\n            \"https://github.com/yarichard/wam_message_gatling:pull_request\"\n          ]\n        }\n      }\n    }\n  ]\n}",
            "minified_json": "{\"Version\":\"2012-10-17\",\"Statement\":[{\"Effect\":\"Allow\",\"Action\":\"sts:AssumeRoleWithWebIdentity\",\"Principal\":{\"Federated\":\"arn:aws:iam::704496393752:oidc-provider/token.actions.githubusercontent.com\"},\"Condition\":{\"StringEquals\":{\"token.actions.githubusercontent.com:aud\":\"sts.amazonaws.com\"},\"StringLike\":{\"token.actions.githubusercontent.com:sub\":[\"https://github.com/yarichard/wamserver:ref:refs/heads/*\",\"https://github.com/yarichard/wamserver:ref:refs/tags/*\",\"https://github.com/yarichard/wamserver:pull_request\",\"https://github.com/yarichard/wam_message_gatling:ref:refs/heads/*\",\"https://github.com/yarichard/wam_message_gatling:ref:refs/tags/*\",\"https://github.com/yarichard/wam_message_gatling:pull_request\"]}}}]}",
            "override_json": null,
            "override_policy_documents": null,
            "policy_id": null,
            "source_json": null,
            "source_policy_documents": null,
            "statement": [
              {
                "actions": [
                  "sts:AssumeRoleWithWebIdentity"
                ],
                "condition": [
                  {
                    "test": "StringEquals",
                    "values": [
                      "sts.amazonaws.com"
                    ],
                    "variable": "token.actions.githubusercontent.com:aud"
                  },
                  {
                    "test": "StringLike",
                    "values": [
                      "https://github.com/yarichard/wamserver:ref:refs/heads/*",
                      "https://github.com/yarichard/wamserver:ref:refs/tags/*",
                      "https://github.com/yarichard/wamserver:pull_request",
                      "https://github.com/yarichard/wam_message_gatling:ref:refs/heads/*",
                      "https://github.com/yarichard/wam_message_gatling:ref:refs/tags/*",
                      "https://github.com/yarichard/wam_message_gatling:pull_request"
                    ],
                    "variable": "token.actions.githubusercontent.com:sub"
                  }
                ],
                "effect": "Allow",
                "not_actions": [],
                "not_principals": [],
                "not_resources": [],
                "principals": [
                  {
                    "identifiers": [
                      "arn:aws:iam::704496393752:oidc-provider/token.actions.githubusercontent.com"
                    ],
                    "type": "Federated"
                  }
                ],
                "resources": [],
                "sid": ""
              }
            ],
            "version": "2012-10-17"
          },
          "sensitive_attributes": [],
          "identity_schema_version": 0
        }
      ]
    },
    {
      "mode": "data",
      "type": "tls_certificate",
      "name": "github",
      "provider": "provider[\"registry.terraform.io/hashicorp/tls\"]",
      "instances": [
        {
          "schema_version": 0,
          "attributes": {
            "certificates": [
              {
                "cert_pem": "-----BEGIN CERTIFICATE-----\nMIIGlTCCBH2gAwIBAgIRANJ/u8HeNZ5SFq1hSVhgmcQwDQYJKoZIhvcNAQEMBQAw\ngYgxCzAJBgNVBAYTAlVTMRMwEQYDVQQIEwpOZXcgSmVyc2V5MRQwEgYDVQQHEwtK\nZXJzZXkgQ2l0eTEeMBwGA1UEChMVVGhlIFVTRVJUUlVTVCBOZXR3b3JrMS4wLAYD\nVQQDEyVVU0VSVHJ1c3QgUlNBIENlcnRpZmljYXRpb24gQXV0aG9yaXR5MB4XDTIx\nMDMyMjAwMDAwMFoXDTM4MDExODIzNTk1OVowXzELMAkGA1UEBhMCR0IxGDAWBgNV\nBAoTD1NlY3RpZ28gTGltaXRlZDE2MDQGA1UEAxMtU2VjdGlnbyBQdWJsaWMgU2Vy\ndmVyIEF1dGhlbnRpY2F0aW9uIFJvb3QgUjQ2MIICIjANBgkqhkiG9w0BAQEFAAOC\nAg8AMIICCgKCAgEAk77VNlJ12AEjoBxHQknuY7a3If3EldVIKyZ8FFMQ2nn9K7ct\npNQs+uoy3UnCub0PSD17WphUr55dMXRPB/xQId2kz2hPGxJjbSWZTCqZ80gwYfqB\nfB6nCErcPiscHxhMcao1jK34bug7StnllALWiYQTqm3ITzPMUJY3kjPcX4jnn1TZ\nSPCYQ9Zm/Z8XOEPFAVEL1+MjDxRdWxTnS77d9MjaAzfR1jmhIVEwg7Bt1zBOlluR\n8HAkq79FgWRDDb0hOi886Z4NyyC1QifM2m+b7mQwkDnNk2WBITG1I1AzNyLjOO34\nMTDMRf5i+dFdMnlCh99qzFYZQE3Oqrv5tXZJlPEn+JGlg+UGs2MOgNzgElWApjtm\ntDmHLcjw0NEU6eQNTQ72XVdyxTscR1ad4tX7gWGMzE2AkDRbt9cUddzYBEifwMEo\niLTpHMqnsfFWt3tJTFnlIBWohAIp+jiUaZpJBo/NH3kUFxIMg3reH7GX7vmXeCik\nyESS6X0mBaZYcpt5E9gRX67FOGI0aLKGMI74kGGeMmz1BzbNokxu7Io27fLmmRVE\ncMN8vJw5wLTha/eDJSNX2RKA5UnwdQ/vjescm1QotCE8/HwK/+97a3X/ix2gGQWr\n+vgrgULoOLq7+6r9PeDzyt9Ol5cp7fMYVumllqy9w5CYsuD5otSmR0N8bc8CAwEA\nAaOCASAwggEcMB8GA1UdIwQYMBaAFFN5v1qqK0rPVIDh2JvAnfKyA2bLMB0GA1Ud\nDgQWBBRWc1hklfmSGrASKgRieaFAFYghSTAOBgNVHQ8BAf8EBAMCAYYwDwYDVR0T\nAQH/BAUwAwEB/zAdBgNVHSUEFjAUBggrBgEFBQcDAQYIKwYBBQUHAwIwEQYDVR0g\nBAowCDAGBgRVHSAAMFAGA1UdHwRJMEcwRaBDoEGGP2h0dHA6Ly9jcmwudXNlcnRy\ndXN0LmNvbS9VU0VSVHJ1c3RSU0FDZXJ0aWZpY2F0aW9uQXV0aG9yaXR5LmNybDA1\nBggrBgEFBQcBAQQpMCcwJQYIKwYBBQUHMAGGGWh0dHA6Ly9vY3NwLnVzZXJ0cnVz\ndC5jb20wDQYJKoZIhvcNAQEMBQADggIBADpvBIlq7bMU0cFDT/9P9+BsgCkRgQs0\nS6Bf7vJSlWMHwby0VGvxCS0hrbi0K2BINZbEbsVsgpQq04431yyoVn3Hldorgq24\nRldRDOOipEZDTFB9wC9HYt1thHF00XeG2C8KC1plwoEzKAIhPvefI/C3cT0CfTXJ\nuFjUbKIgSwjNjw6YHtLgoy/hd5+JLUlLco/gzFX/qWbT7tEquOMYpsNKWZj8TLqP\nq6zMiG4Na6feEZte6YPXGrMWlTWN341vDedc+yxQqSug79HJUQcOZs7KyDWztmae\nQxsPE49UV/8XwrfZtZaYyrs4FpD94Z4Q8dzXGL8+qEJjxgcza7W6PROaClubavd1\nVKPm8+aCW77u7SxpR2TFGL6kPdxsKyFijpcunR5V79sUyROfNdzjrAcFWZXK8sbb\n9FlnwuVG677JLv+ZVTX5AxLvW5OB4zt5uS+zB62wJ/Wv+jXGAttSAcJec4iFgCWH\nRvdi/jJoSzRLa3nEzx6pFIzclSCnh0u1xCeLcUBypSiPga8W+6PkuoyQq8U9qs9E\noxG5NvrvlyshwUS9yvcZRGw7Ljlx4jJH/BhIPR8kIBCQj1vna9TziZOrw1Of8hDU\nbHKFG9Pm8Dp2vbjz/2JH39qvxshPKVllGfq+5klPm7yZRUYTiCMAbqwNdL/nsqF2\nRnnyp58XRStJ\n-----END CERTIFICATE-----\n",
                "is_ca": true,
                "issuer": "CN=USERTrust RSA Certification Authority,O=The USERTRUST Network,L=Jersey City,ST=New Jersey,C=US",
                "not_after": "2038-01-18T23:59:59Z",
                "not_before": "2021-03-22T00:00:00Z",
                "public_key_algorithm": "RSA",
                "serial_number": "279801108986267997430958846641392622020",
                "sha1_fingerprint": "2b18947a6a9fc7764fd8b5fb18a863b0c6dac24f",
                "signature_algorithm": "SHA384-RSA",
                "subject": "CN=Sectigo Public Server Authentication Root R46,O=Sectigo Limited,C=GB",
                "version": 3
              },
              {
                "cert_pem": "-----BEGIN CERTIFICATE-----\nMIIGTDCCBDSgAwIBAgIQOXpmzCdWNi4NqofKbqvjsTANBgkqhkiG9w0BAQwFADBf\nMQswCQYDVQQGEwJHQjEYMBYGA1UEChMPU2VjdGlnbyBMaW1pdGVkMTYwNAYDVQQD\nEy1TZWN0aWdvIFB1YmxpYyBTZXJ2ZXIgQXV0aGVudGljYXRpb24gUm9vdCBSNDYw\nHhcNMjEwMzIyMDAwMDAwWhcNMzYwMzIxMjM1OTU5WjBgMQswCQYDVQQGEwJHQjEY\nMBYGA1UEChMPU2VjdGlnbyBMaW1pdGVkMTcwNQYDVQQDEy5TZWN0aWdvIFB1Ymxp\nYyBTZXJ2ZXIgQXV0aGVudGljYXRpb24gQ0EgRFYgUjM2MIIBojANBgkqhkiG9w0B\nAQEFAAOCAY8AMIIBigKCAYEAljZf2HIz7+SPUPQCQObZYcrxLTHYdf1ZtMRe7Yeq\nRPSwygz16qJ9cAWtWNTcuICc++p8Dct7zNGxCpqmEtqifO7NvuB5dEVexXn9RFFH\n12Hm+NtPRQgXIFjx6MSJcNWuVO3XGE57L1mHlcQYj+g4hny90aFh2SCZCDEVkAja\nEMMfYPKuCjHuuF+bzHFb/9gV8P9+ekcHENF2nR1efGWSKwnfG5RawlkaQDpRtZTm\nM64TIsv/r7cyFO4nSjs1jLdXYdz5q3a4L0NoabZfbdxVb+CUEHfB0bpulZQtH1Rv\n38e/lIdP7OTTIlZh6OYL6NhxP8So0/sht/4J9mqIGxRFc0/pC8suja+wcIUna0HB\npXKfXTKpzgis+zmXDL06ASJf5E4A2/m+Hp6b84sfPAwQ766rI65mh50S0Di9E3Pn\n2WcaJc+PILsBmYpgtmgWTR9eV9otfKRUBfzHUHcVgarub/XluEpRlTtZudU5xbFN\nxx/DgMrXLUAPaI60fZ6wA+PTAgMBAAGjggGBMIIBfTAfBgNVHSMEGDAWgBRWc1hk\nlfmSGrASKgRieaFAFYghSTAdBgNVHQ4EFgQUaMASFhgOr872h6YyV6NGUV3LBycw\nDgYDVR0PAQH/BAQDAgGGMBIGA1UdEwEB/wQIMAYBAf8CAQAwHQYDVR0lBBYwFAYI\nKwYBBQUHAwEGCCsGAQUFBwMCMBsGA1UdIAQUMBIwBgYEVR0gADAIBgZngQwBAgEw\nVAYDVR0fBE0wSzBJoEegRYZDaHR0cDovL2NybC5zZWN0aWdvLmNvbS9TZWN0aWdv\nUHVibGljU2VydmVyQXV0aGVudGljYXRpb25Sb290UjQ2LmNybDCBhAYIKwYBBQUH\nAQEEeDB2ME8GCCsGAQUFBzAChkNodHRwOi8vY3J0LnNlY3RpZ28uY29tL1NlY3Rp\nZ29QdWJsaWNTZXJ2ZXJBdXRoZW50aWNhdGlvblJvb3RSNDYucDdjMCMGCCsGAQUF\nBzABhhdodHRwOi8vb2NzcC5zZWN0aWdvLmNvbTANBgkqhkiG9w0BAQwFAAOCAgEA\nYtOC9Fy+TqECFw40IospI92kLGgoSZGPOSQXMBqmsGWZUQ7rux7cj1du6d9rD6C8\nze1B2eQjkrGkIL/OF1s7vSmgYVafsRoZd/IHUrkoQvX8FZwUsmPu7amgBfaY3g+d\nq1x0jNGKb6I6Bzdl6LgMD9qxp+3i7GQOnd9J8LFSietY6Z4jUBzVoOoz8iAU84OF\nh2HhAuiPw1ai0VnY38RTI+8kepGWVfGxfBWzwH9uIjeooIeaosVFvE8cmYUB4TSH\n5dUyD0jHct2+8ceKEtIoFU/FfHq/mDaVnvcDCZXtIgitdMFQdMZaVehmObyhRdDD\n4NQCs0gaI9AAgFj4L9QtkARzhQLNyRf87Kln+YU0lgCGr9HLg3rGO8q+Y4ppLsOd\nunQZ6ZxPNGIfOApbPVf5hCe58EZwiWdHIMn9lPP6+F404y8NNugbQixBber+x536\nWrZhFZLjEkhp7fFXf9r32rNPfb74X/U90Bdy4lzp3+X1ukh1BuMxA/EEhDoTOS3l\n7ABvc7BYSQubQ2490OcdkIzUh3ZwDrakMVrbaTxUM2p24N6dB+ns2zptWCva6jzW\nr8IWKIMxzxLPv5Kt3ePKcUdvkBU/smqujSczTzzSjIoR5QqQA6lN1ZRSnuHIWCvh\nJEltkYnTAH41QJ6SAWO66GrrUESwN/cgZzL4JLEqz1Y=\n-----END CERTIFICATE-----\n",
                "is_ca": true,
                "issuer": "CN=Sectigo Public Server Authentication Root R46,O=Sectigo Limited,C=GB",
                "not_after": "2036-03-21T23:59:59Z",
                "not_before": "2021-03-22T00:00:00Z",
                "public_key_algorithm": "RSA",
                "serial_number": "76401540956980317967350201603557417905",
                "sha1_fingerprint": "dd55b4520291e276588f0dd02fafd83a7368e0fa",
                "signature_algorithm": "SHA384-RSA",
                "subject": "CN=Sectigo Public Server Authentication CA DV R36,O=Sectigo Limited,C=GB",
                "version": 3
              },
              {
                "cert_pem": "-----BEGIN CERTIFICATE-----\nMIIHuDCCBiCgAwIBAgIQQpoM0ALJqV2GN3xNM4T2OjANBgkqhkiG9w0BAQwFADBg\nMQswCQYDVQQGEwJHQjEYMBYGA1UEChMPU2VjdGlnbyBMaW1pdGVkMTcwNQYDVQQD\nEy5TZWN0aWdvIFB1YmxpYyBTZXJ2ZXIgQXV0aGVudGljYXRpb24gQ0EgRFYgUjM2\nMB4XDTI1MDYxMDAwMDAwMFoXDTI2MDYxMDIzNTk1OVowKjEoMCYGA1UEAwwfKi5h\nY3Rpb25zLmdpdGh1YnVzZXJjb250ZW50LmNvbTCCAiIwDQYJKoZIhvcNAQEBBQAD\nggIPADCCAgoCggIBANwvpdsZH4sqaZi93aUO0fMlanlA+9q37qP6fIK7jrhSen2r\nYbJadNPyIc2j2B/iAs+MRBnxfpkNpCpwNZtWJA4LH3YhINRqD/Dt+Xixlkulc8Ga\ner+4EcP1HjqH1pxxVfAMlOfFxFvAWWXA2B4W3PIzPN0r/cGE1RwNTx6PCnIAC06u\nH1NOIGikEwZ11pxGVSc4Ah+LqfnRUfPdmAPONDbnEFyBzq83jKrNQujt/bgncsdt\nZjT3Mq4FGRHDRcsIsVet79wOG3yylFF9Vpnwk6Knzv4pTRnsx+Q2APXAMVIJk3Zn\ns7jmDFmthyWqvL7Ox4lSw5Nf/cG8Dz5OyjKsmQKYGN3CXuBlOML4xyIN/hJ8I6N9\n05swoOBFeSVEIhIaPRakW+TzMS7/G5vi42P+Qr/xQqkpX0bvLTRGq9/5utTA+G8k\nlpKZoXv2wEdaiSVbU9IBRYusoNTCiOiagSXOj2FerI1AH2005UBpi9yfIBJpJXyw\n/BTSPxuELjoa2YCNe4CB4NHJOUEeTScNJhLBdLljiP/909EbvGKDqxXvVCLZLeVe\nqj1ONO41woCic5Esx7IeOeT8+/6U/B+yigBNg4EHOnafFDt6JCs7QCggziSR/I6b\nEtRWsgkysYoi04Ch70820xfRfkoBD0a5ek84gy4cNL3fzJyWp+urwXkZcNcrAgMB\nAAGjggMiMIIDHjAfBgNVHSMEGDAWgBRowBIWGA6vzvaHpjJXo0ZRXcsHJzAdBgNV\nHQ4EFgQUNvfYmW3BgodYLPPz/xli4dQRV90wDgYDVR0PAQH/BAQDAgWgMAwGA1Ud\nEwEB/wQCMAAwHQYDVR0lBBYwFAYIKwYBBQUHAwEGCCsGAQUFBwMCMEkGA1UdIARC\nMEAwNAYLKwYBBAGyMQECAgcwJTAjBggrBgEFBQcCARYXaHR0cHM6Ly9zZWN0aWdv\nLmNvbS9DUFMwCAYGZ4EMAQIBMIGEBggrBgEFBQcBAQR4MHYwTwYIKwYBBQUHMAKG\nQ2h0dHA6Ly9jcnQuc2VjdGlnby5jb20vU2VjdGlnb1B1YmxpY1NlcnZlckF1dGhl\nbnRpY2F0aW9uQ0FEVlIzNi5jcnQwIwYIKwYBBQUHMAGGF2h0dHA6Ly9vY3NwLnNl\nY3RpZ28uY29tMIIBgAYKKwYBBAHWeQIEAgSCAXAEggFsAWoAdwCWl2S/VViXrfdD\nh2g3CEJ36fA61fak8zZuRqQ/D8qpxgAAAZdat61EAAAEAwBIMEYCIQCA65MwsKyq\nFxSrXqhQR162ZRVldScjNerb+51MWqi4OQIhANk0Ah6wTitCDLqYwkX0KL0ccREH\nfsEoXS+P+y9j1zCdAHcAGYbUxyiqb/66A294Kk0BkarOLXIxD67OXXBBLSVMx9QA\nAAGXWretMAAABAMASDBGAiEAiTj7Lf7XXQo+NcR/gHZ0yMGH20jlJkVUXQYXlJWk\nUjACIQCTfipxukvVKmCpD/rBnyM7OO5aNRZ+Dg0qMa9YHxvxCwB2AA5XlLzzrqk+\nMxssmQez95Dfm8I9cTIl3SGpJaxhxU4hAAABl1q3rREAAAQDAEcwRQIgI7KUJeAI\nkh36VrL7lW7QGYCNLm+yrSHFEe6SfV5TKsECIQCpndHbZIH0Y4TP9YXiUIWkTrUU\nGaWlet40EwANT7SVKzBJBgNVHREEQjBAgh8qLmFjdGlvbnMuZ2l0aHVidXNlcmNv\nbnRlbnQuY29tgh1hY3Rpb25zLmdpdGh1YnVzZXJjb250ZW50LmNvbTANBgkqhkiG\n9w0BAQwFAAOCAYEAPCGSgvwRlgCuKBpSQ9YuuFvKsbMKIgLmVxu/grXpCgx8KdMr\n+fld74WOmyZukk0PfrAm+gYZe+4dDKrzbn8inD6Wz2/UKiXRa9noZ5v0CL6qOy3b\nRPZ8YgHYWrV0YEIqh5St+n1Dc0A1UhgTDFbHCQ/u1Lgw/dFasl6Iz8hnDTfQpoT5\n05R6F3acsR/xKa74zrAWSFyCJo0BxE39KTW8sb71gv99ZFD5Nnj8D0nSdE7nU4af\nIuF/ALfhH+n60VjaBfoeS9M/fQmEekxsZ5RFpmEMkDm3Y36tdDFKtFC9Cb4o9wal\nFkZnwghK+JatRsjAj+5HmW7iKZoptAIK0Z3vKS/ptCql4wnDMDH7bkDsb9KeDEnN\n6eG0PTNhnp+byRcFf+/KfVdNxsNw+sZqTly8bbg8Z2jnUd6o7XPEyIqVRm9KUjQk\nf+Tb1cuwyT11MyCSxfFwHnCtgSh1wIPJRvbcFlL4K9HJYvG1UuXHLsRQB6/KG0oK\nWgluOHrqp6q8psLk\n-----END CERTIFICATE-----\n",
                "is_ca": false,
                "issuer": "CN=Sectigo Public Server Authentication CA DV R36,O=Sectigo Limited,C=GB",
                "not_after": "2026-06-10T23:59:59Z",
                "not_before": "2025-06-10T00:00:00Z",
                "public_key_algorithm": "RSA",
                "serial_number": "88528921307254621768011639059774764602",
                "sha1_fingerprint": "7560d6f40fa55195f740ee2b1b7c0b4836cbe103",
                "signature_algorithm": "SHA384-RSA",
                "subject": "CN=*.actions.githubusercontent.com",
                "version": 3
              }
            ],
            "content": null,
            "id": "772ed8785f2c647baa040d3a1b4aa6cafacb6267",
            "url": "https://token.actions.githubusercontent.com",
            "verify_chain": true
          },
          "sensitive_attributes": [],
          "identity_schema_version": 0
        }
      ]
    },
    {
      "mode": "managed",
      "type": "aws_ecr_repository",
      "name": "wamserver",
      "provider": "provider[\"registry.terraform.io/hashicorp/aws\"]",
      "instances": [
        {
          "schema_version": 0,
          "attributes": {
            "arn": "arn:aws:ecr:eu-west-3:704496393752:repository/wamserver",
            "encryption_configuration": [
              {
                "encryption_type": "AES256",
                "kms_key": ""
              }
            ],
            "force_delete": null,
            "id": "wamserver",
            "image_scanning_configuration": [
              {
                "scan_on_push": true
              }
            ],
            "image_tag_mutability": "MUTABLE",
            "name": "wamserver",
            "registry_id": "704496393752",
            "repository_url": "704496393752.dkr.ecr.eu-west-3.amazonaws.com/wamserver",
            "tags": {},
            "tags_all": {},
            "timeouts": null
          },
          "sensitive_attributes": [],
          "identity_schema_version": 0,
          "private": "eyJlMmJmYjczMC1lY2FhLTExZTYtOGY4OC0zNDM2M2JjN2M0YzAiOnsiZGVsZXRlIjoxMjAwMDAwMDAwMDAwfX0="
        }
      ]
    },
    {
      "mode": "managed",
      "type": "aws_iam_access_key",
      "name": "terraform",
      "provider": "provider[\"registry.terraform.io/hashicorp/aws\"]",
      "instances": [
        {
          "schema_version": 0,
          "attributes": {
            "create_date": "2025-10-02T12:57:44Z",
            "encrypted_secret": null,
            "encrypted_ses_smtp_password_v4": null,
            "id": "AKIA2IB2B3YMBB63LPN3",
            "key_fingerprint": null,
            "pgp_key": null,
            "secret": "E7XWX10HbY3Tvp5jlY65jO6QqnL60YrKwAf/e2v+",
            "ses_smtp_password_v4": "BFSSBiCHeB9i5MoEg2eSBc9JKLAelXKvdcYInGj/iTH1",
            "status": "Active",
            "user": "terraform"
          },
          "sensitive_attributes": [
            [
              {
                "type": "get_attr",
                "value": "secret"
              }
            ],
            [
              {
                "type": "get_attr",
                "value": "ses_smtp_password_v4"
              }
            ]
          ],
          "identity_schema_version": 0,
          "private": "bnVsbA==",
          "dependencies": [
            "aws_iam_user.terraform"
          ]
        }
      ]
    },
    {
      "mode": "managed",
      "type": "aws_iam_openid_connect_provider",
      "name": "github",
      "provider": "provider[\"registry.terraform.io/hashicorp/aws\"]",
      "instances": [
        {
          "schema_version": 0,
          "attributes": {
            "arn": "arn:aws:iam::704496393752:oidc-provider/token.actions.githubusercontent.com",
            "client_id_list": [
              "sts.amazonaws.com"
            ],
            "id": "arn:aws:iam::704496393752:oidc-provider/token.actions.githubusercontent.com",
            "tags": {},
            "tags_all": {},
            "thumbprint_list": [
              "2b18947a6a9fc7764fd8b5fb18a863b0c6dac24f"
            ],
            "url": "token.actions.githubusercontent.com"
          },
          "sensitive_attributes": [],
          "identity_schema_version": 0,
          "private": "bnVsbA==",
          "dependencies": [
            "data.tls_certificate.github"
          ]
        }
      ]
    },
    {
      "mode": "managed",
      "type": "aws_iam_policy",
      "name": "ecr_policy",
      "provider": "provider[\"registry.terraform.io/hashicorp/aws\"]",
      "instances": [
        {
          "schema_version": 0,
          "attributes": {
            "arn": "arn:aws:iam::704496393752:policy/GitHubECRPushPolicy",
            "attachment_count": 1,
            "description": "Allow GitHub Actions to push/pull images to ECR",
            "id": "arn:aws:iam::704496393752:policy/GitHubECRPushPolicy",
            "name": "GitHubECRPushPolicy",
            "name_prefix": "",
            "path": "/",
            "policy": "{\"Statement\":[{\"Action\":[\"ecr:UploadLayerPart\",\"ecr:PutImage\",\"ecr:InitiateLayerUpload\",\"ecr:GetDownloadUrlForLayer\",\"ecr:GetAuthorizationToken\",\"ecr:CompleteLayerUpload\",\"ecr:BatchGetImage\",\"ecr:BatchCheckLayerAvailability\"],\"Effect\":\"Allow\",\"Resource\":\"*\"}],\"Version\":\"2012-10-17\"}",
            "policy_id": "ANPA2IB2B3YMKFB4F6B7L",
            "tags": {},
            "tags_all": {}
          },
          "sensitive_attributes": [],
          "identity_schema_version": 0,
          "private": "bnVsbA==",
          "dependencies": [
            "data.aws_iam_policy_document.ecr_access"
          ]
        }
      ]
    },
    {
      "mode": "managed",
      "type": "aws_iam_role",
      "name": "github_ecr_role",
      "provider": "provider[\"registry.terraform.io/hashicorp/aws\"]",
      "instances": [
        {
          "schema_version": 0,
          "attributes": {
            "arn": "arn:aws:iam::704496393752:role/GitHubECRPushRole",
            "assume_role_policy": "{\"Statement\":[{\"Action\":\"sts:AssumeRoleWithWebIdentity\",\"Condition\":{\"StringEquals\":{\"token.actions.githubusercontent.com:aud\":\"sts.amazonaws.com\"},\"StringLike\":{\"token.actions.githubusercontent.com:sub\":[\"https://github.com/yarichard/wamserver:ref:refs/heads/*\",\"https://github.com/yarichard/wamserver:ref:refs/tags/*\",\"https://github.com/yarichard/wamserver:pull_request\",\"https://github.com/yarichard/wam_message_gatling:ref:refs/heads/*\",\"https://github.com/yarichard/wam_message_gatling:ref:refs/tags/*\",\"https://github.com/yarichard/wam_message_gatling:pull_request\"]}},\"Effect\":\"Allow\",\"Principal\":{\"Federated\":\"arn:aws:iam::704496393752:oidc-provider/token.actions.githubusercontent.com\"}}],\"Version\":\"2012-10-17\"}",
            "create_date": "2025-10-03T08:03:19Z",
            "description": "",
            "force_detach_policies": false,
            "id": "GitHubECRPushRole",
            "inline_policy": [],
            "managed_policy_arns": [
              "arn:aws:iam::704496393752:policy/GitHubECRPushPolicy"
            ],
            "max_session_duration": 3600,
            "name": "GitHubECRPushRole",
            "name_prefix": "",
            "path": "/",
            "permissions_boundary": "",
            "tags": {},
            "tags_all": {},
            "unique_id": "AROA2IB2B3YMACKMSKL3A"
          },
          "sensitive_attributes": [],
          "identity_schema_version": 0,
          "private": "bnVsbA==",
          "dependencies": [
            "aws_iam_openid_connect_provider.github",
            "data.aws_iam_policy_document.github_assume_role",
            "data.tls_certificate.github"
          ]
        }
      ]
    },
    {
      "mode": "managed",
      "type": "aws_iam_role",
      "name": "wamserver_ecr_readonly",
      "provider": "provider[\"registry.terraform.io/hashicorp/aws\"]",
      "instances": [
        {
          "schema_version": 0,
          "attributes": {
            "arn": "arn:aws:iam::704496393752:role/wamserver-ecr-readonly",
            "assume_role_policy": "{\"Statement\":[{\"Action\":\"sts:AssumeRole\",\"Effect\":\"Allow\",\"Principal\":{\"Service\":\"build.apprunner.amazonaws.com\"}}],\"Version\":\"2012-10-17\"}",
            "create_date": "2025-10-02T12:26:16Z",
            "description": "",
            "force_detach_policies": false,
            "id": "wamserver-ecr-readonly",
            "inline_policy": [
              {
                "name": "wamserver-ecr-readonly-policy",
                "policy": "{\"Version\":\"2012-10-17\",\"Statement\":[{\"Action\":[\"ecr:GetAuthorizationToken\",\"ecr:BatchCheckLayerAvailability\",\"ecr:GetDownloadUrlForLayer\",\"ecr:BatchGetImage\"],\"Effect\":\"Allow\",\"Resource\":\"arn:aws:ecr:eu-west-3:704496393752:repository/wamserver\"}]}"
              }
            ],
            "managed_policy_arns": [],
            "max_session_duration": 3600,
            "name": "wamserver-ecr-readonly",
            "name_prefix": "",
            "path": "/",
            "permissions_boundary": "",
            "tags": {},
            "tags_all": {},
            "unique_id": "AROA2IB2B3YMGTEPPPCNC"
          },
          "sensitive_attributes": [],
          "identity_schema_version": 0,
          "private": "bnVsbA=="
        }
      ]
    },
    {
      "mode": "managed",
      "type": "aws_iam_role_policy",
      "name": "wamserver_ecr_readonly_policy",
      "provider": "provider[\"registry.terraform.io/hashicorp/aws\"]",
      "instances": [
        {
          "schema_version": 0,
          "attributes": {
            "id": "wamserver-ecr-readonly:wamserver-ecr-readonly-policy",
            "name": "wamserver-ecr-readonly-policy",
            "name_prefix": "",
            "policy": "{\"Version\":\"2012-10-17\",\"Statement\":[{\"Action\":[\"ecr:GetAuthorizationToken\",\"ecr:BatchCheckLayerAvailability\",\"ecr:GetDownloadUrlForLayer\",\"ecr:BatchGetImage\"],\"Effect\":\"Allow\",\"Resource\":\"arn:aws:ecr:eu-west-3:704496393752:repository/wamserver\"}]}",
            "role": "wamserver-ecr-readonly"
          },
          "sensitive_attributes": [],
          "identity_schema_version": 0,
          "private": "bnVsbA==",
          "dependencies": [
            "aws_ecr_repository.wamserver",
            "aws_iam_role.wamserver_ecr_readonly"
          ]
        }
      ]
    },
    {
      "mode": "managed",
      "type": "aws_iam_role_policy_attachment",
      "name": "github_ecr_attach",
      "provider": "provider[\"registry.terraform.io/hashicorp/aws\"]",
      "instances": [
        {
          "schema_version": 0,
          "attributes": {
            "id": "GitHubECRPushRole-20251003080320185800000001",
            "policy_arn": "arn:aws:iam::704496393752:policy/GitHubECRPushPolicy",
            "role": "GitHubECRPushRole"
          },
          "sensitive_attributes": [],
          "identity_schema_version": 0,
          "private": "bnVsbA==",
          "dependencies": [
            "aws_iam_openid_connect_provider.github",
            "aws_iam_policy.ecr_policy",
            "aws_iam_role.github_ecr_role",
            "data.aws_iam_policy_document.ecr_access",
            "data.aws_iam_policy_document.github_assume_role",
            "data.tls_certificate.github"
          ]
        }
      ]
    },
    {
      "mode": "managed",
      "type": "aws_iam_user",
      "name": "terraform",
      "provider": "provider[\"registry.terraform.io/hashicorp/aws\"]",
      "instances": [
        {
          "schema_version": 0,
          "attributes": {
            "arn": "arn:aws:iam::704496393752:user/terraform",
            "force_destroy": false,
            "id": "terraform",
            "name": "terraform",
            "path": "/",
            "permissions_boundary": "",
            "tags": {},
            "tags_all": {},
            "unique_id": "AIDA2IB2B3YMHTTQ65CYX"
          },
          "sensitive_attributes": [],
          "identity_schema_version": 0,
          "private": "bnVsbA=="
        }
      ]
    },
    {
      "mode": "managed",
      "type": "aws_iam_user_policy_attachment",
      "name": "terraform_admin_policy",
      "provider": "provider[\"registry.terraform.io/hashicorp/aws\"]",
      "instances": [
        {
          "schema_version": 0,
          "attributes": {
            "id": "terraform-20251002125745004700000001",
            "policy_arn": "arn:aws:iam::aws:policy/AdministratorAccess",
            "user": "terraform"
          },
          "sensitive_attributes": [],
          "identity_schema_version": 0,
          "private": "bnVsbA==",
          "dependencies": [
            "aws_iam_user.terraform"
          ]
        }
      ]
    }
  ],
  "check_results": null
}
